
Microsoft Visual Studio Solution File, Format Version 12.00
# Visual Studio Version 17
VisualStudioVersion = 17.4.32912.340
MinimumVisualStudioVersion = 10.0.40219.1
Project("{FAE04EC0-301F-11D3-BF4B-00C04F79EFBC}") = "NameInverter", "NameInverter\NameInverter.csproj", "{3E5E73CA-D350-499C-AFD2-A58A843662D0}"
EndProject
Global
	GlobalSection(SolutionConfigurationPlatforms) = preSolution
		Debug|Any CPU = Debug|Any CPU
		Release|Any CPU = Release|Any CPU
	EndGlobalSection
	GlobalSection(ProjectConfigurationPlatforms) = postSolution
		{3E5E73CA-D350-499C-AFD2-A58A843662D0}.Debug|Any CPU.ActiveCfg = Debug|Any CPU
		{3E5E73CA-D350-499C-AFD2-A58A843662D0}.Debug|Any CPU.Build.0 = Debug|Any CPU
		{3E5E73CA-D350-499C-AFD2-A58A843662D0}.Release|Any CPU.ActiveCfg = Release|Any CPU
		{3E5E73CA-D350-499C-AFD2-A58A843662D0}.Release|Any CPU.Build.0 = Release|Any CPU
	EndGlobalSection
	GlobalSection(SolutionProperties) = preSolution
		HideSolutionNode = FALSE
	EndGlobalSection
	GlobalSection(ExtensibilityGlobals) = postSolution
		SolutionGuid = {7194C494-0B54-489C-AC7A-E4FEEA577556}
	EndGlobalSection
EndGlobal
